// !$*UTF8*$!
{
	archiveVersion = 1;
	classes = {
	};
	objectVersion = 46;
	objects = {

/* Begin PBXBuildFile section */
		2506CFF31EBC7019005F94EA /* Lesson.cpp in Sources */ = {isa = PBXBuildFile; fileRef = 2506CFF11EBC7019005F94EA /* Lesson.cpp */; };
		254E41991EAF1B3C000FC56E /* main.cpp in Sources */ = {isa = PBXBuildFile; fileRef = 254E41981EAF1B3C000FC56E /* main.cpp */; };
		254E41A11EAF1BC8000FC56E /* IOKit.framework in Frameworks */ = {isa = PBXBuildFile; fileRef = 254E41A01EAF1BC8000FC56E /* IOKit.framework */; };
		254E41A31EAF1BD4000FC56E /* Cocoa.framework in Frameworks */ = {isa = PBXBuildFile; fileRef = 254E41A21EAF1BD4000FC56E /* Cocoa.framework */; };
		254E41A51EAF1BDE000FC56E /* OpenGL.framework in Frameworks */ = {isa = PBXBuildFile; fileRef = 254E41A41EAF1BDE000FC56E /* OpenGL.framework */; };
		254E41A71EAF1BE8000FC56E /* CoreVideo.framework in Frameworks */ = {isa = PBXBuildFile; fileRef = 254E41A61EAF1BE8000FC56E /* CoreVideo.framework */; };
		254E41A91EAF1C05000FC56E /* libglfw3.a in Frameworks */ = {isa = PBXBuildFile; fileRef = 254E41A81EAF1C05000FC56E /* libglfw3.a */; };
		25F062941EC19FEB0034A767 /* LessonOne.cpp in Sources */ = {isa = PBXBuildFile; fileRef = 25F062921EC19FEB0034A767 /* LessonOne.cpp */; };
/* End PBXBuildFile section */

/* Begin PBXCopyFilesBuildPhase section */
		254E41931EAF1B3C000FC56E /* CopyFiles */ = {
			isa = PBXCopyFilesBuildPhase;
			buildActionMask = 2147483647;
			dstPath = /usr/share/man/man1/;
			dstSubfolderSpec = 0;
			files = (
			);
			runOnlyForDeploymentPostprocessing = 1;
		};
/* End PBXCopyFilesBuildPhase section */

/* Begin PBXFileReference section */
		2506CFF11EBC7019005F94EA /* Lesson.cpp */ = {isa = PBXFileReference; fileEncoding = 4; lastKnownFileType = sourcecode.cpp.cpp; path = Lesson.cpp; sourceTree = "<group>"; };
		2506CFF21EBC7019005F94EA /* Lesson.hpp */ = {isa = PBXFileReference; fileEncoding = 4; lastKnownFileType = sourcecode.cpp.h; path = Lesson.hpp; sourceTree = "<group>"; };
		254E41951EAF1B3C000FC56E /* GLFW */ = {isa = PBXFileReference; explicitFileType = "compiled.mach-o.executable"; includeInIndex = 0; path = GLFW; sourceTree = BUILT_PRODUCTS_DIR; };
		254E41981EAF1B3C000FC56E /* main.cpp */ = {isa = PBXFileReference; lastKnownFileType = sourcecode.cpp.cpp; path = main.cpp; sourceTree = "<group>"; };
		254E41A01EAF1BC8000FC56E /* IOKit.framework */ = {isa = PBXFileReference; lastKnownFileType = wrapper.framework; name = IOKit.framework; path = System/Library/Frameworks/IOKit.framework; sourceTree = SDKROOT; };
		254E41A21EAF1BD4000FC56E /* Cocoa.framework */ = {isa = PBXFileReference; lastKnownFileType = wrapper.framework; name = Cocoa.framework; path = System/Library/Frameworks/Cocoa.framework; sourceTree = SDKROOT; };
		254E41A41EAF1BDE000FC56E /* OpenGL.framework */ = {isa = PBXFileReference; lastKnownFileType = wrapper.framework; name = OpenGL.framework; path = System/Library/Frameworks/OpenGL.framework; sourceTree = SDKROOT; };
		254E41A61EAF1BE8000FC56E /* CoreVideo.framework */ = {isa = PBXFileReference; lastKnownFileType = wrapper.framework; name = CoreVideo.framework; path = System/Library/Frameworks/CoreVideo.framework; sourceTree = SDKROOT; };
		254E41A81EAF1C05000FC56E /* libglfw3.a */ = {isa = PBXFileReference; lastKnownFileType = archive.ar; name = libglfw3.a; path = ../../../../usr/local/lib/libglfw3.a; sourceTree = "<group>"; };
		25F062921EC19FEB0034A767 /* LessonOne.cpp */ = {isa = PBXFileReference; fileEncoding = 4; lastKnownFileType = sourcecode.cpp.cpp; path = LessonOne.cpp; sourceTree = "<group>"; };
		25F062931EC19FEB0034A767 /* LessonOne.hpp */ = {isa = PBXFileReference; fileEncoding = 4; lastKnownFileType = sourcecode.cpp.h; path = LessonOne.hpp; sourceTree = "<group>"; };
/* End PBXFileReference section */

/* Begin PBXFrameworksBuildPhase section */
		254E41921EAF1B3C000FC56E /* Frameworks */ = {
			isa = PBXFrameworksBuildPhase;
			buildActionMask = 2147483647;
			files = (
				254E41A91EAF1C05000FC56E /* libglfw3.a in Frameworks */,
				254E41A71EAF1BE8000FC56E /* CoreVideo.framework in Frameworks */,
				254E41A51EAF1BDE000FC56E /* OpenGL.framework in Frameworks */,
				254E41A31EAF1BD4000FC56E /* Cocoa.framework in Frameworks */,
				254E41A11EAF1BC8000FC56E /* IOKit.framework in Frameworks */,
			);
			runOnlyForDeploymentPostprocessing = 0;
		};
/* End PBXFrameworksBuildPhase section */

/* Begin PBXGroup section */
		254E418C1EAF1B3C000FC56E = {
			isa = PBXGroup;
			children = (
				254E41971EAF1B3C000FC56E /* GLFW */,
				254E41961EAF1B3C000FC56E /* Products */,
				254E419F1EAF1BC8000FC56E /* Frameworks */,
			);
			sourceTree = "<group>";
		};
		254E41961EAF1B3C000FC56E /* Products */ = {
			isa = PBXGroup;
			children = (
				254E41951EAF1B3C000FC56E /* GLFW */,
			);
			name = Products;
			sourceTree = "<group>";
		};
		254E41971EAF1B3C000FC56E /* GLFW */ = {
			isa = PBXGroup;
			children = (
				25F062911EC19FB50034A767 /* Lesson */,
				254E41981EAF1B3C000FC56E /* main.cpp */,
				2506CFF11EBC7019005F94EA /* Lesson.cpp */,
				2506CFF21EBC7019005F94EA /* Lesson.hpp */,
			);
			path = GLFW;
			sourceTree = "<group>";
		};
		254E419F1EAF1BC8000FC56E /* Frameworks */ = {
			isa = PBXGroup;
			children = (
				254E41A81EAF1C05000FC56E /* libglfw3.a */,
				254E41A61EAF1BE8000FC56E /* CoreVideo.framework */,
				254E41A41EAF1BDE000FC56E /* OpenGL.framework */,
				254E41A21EAF1BD4000FC56E /* Cocoa.framework */,
				254E41A01EAF1BC8000FC56E /* IOKit.framework */,
			);
			name = Frameworks;
			sourceTree = "<group>";
		};
		25F062911EC19FB50034A767 /* Lesson */ = {
			isa = PBXGroup;
			children = (
				25F062921EC19FEB0034A767 /* LessonOne.cpp */,
				25F062931EC19FEB0034A767 /* LessonOne.hpp */,
			);
			name = Lesson;
			sourceTree = "<group>";
		};
/* End PBXGroup section */

/* Begin PBXNativeTarget section */
		254E41941EAF1B3C000FC56E /* GLFW */ = {
			isa = PBXNativeTarget;
			buildConfigurationList = 254E419C1EAF1B3C000FC56E /* Build configuration list for PBXNativeTarget "GLFW" */;
			buildPhases = (
				254E41911EAF1B3C000FC56E /* Sources */,
				254E41921EAF1B3C000FC56E /* Frameworks */,
				254E41931EAF1B3C000FC56E /* CopyFiles */,
			);
			buildRules = (
			);
			dependencies = (
			);
			name = GLFW;
			productName = GLFW;
			productReference = 254E41951EAF1B3C000FC56E /* GLFW */;
			productType = "com.apple.product-type.tool";
		};
/* End PBXNativeTarget section */

/* Begin PBXProject section */
		254E418D1EAF1B3C000FC56E /* Project object */ = {
			isa = PBXProject;
			attributes = {
				LastUpgradeCheck = 0820;
				ORGANIZATIONNAME = "高立征";
				TargetAttributes = {
					254E41941EAF1B3C000FC56E = {
						CreatedOnToolsVersion = 8.2.1;
						ProvisioningStyle = Automatic;
					};
				};
			};
			buildConfigurationList = 254E41901EAF1B3C000FC56E /* Build configuration list for PBXProject "GLFW" */;
			compatibilityVersion = "Xcode 3.2";
			developmentRegion = English;
			hasScannedForEncodings = 0;
			knownRegions = (
				en,
			);
			mainGroup = 254E418C1EAF1B3C000FC56E;
			productRefGroup = 254E41961EAF1B3C000FC56E /* Products */;
			projectDirPath = "";
			projectRoot = "";
			targets = (
				254E41941EAF1B3C000FC56E /* GLFW */,
			);
		};
/* End PBXProject section */

/* Begin PBXSourcesBuildPhase section */
		254E41911EAF1B3C000FC56E /* Sources */ = {
			isa = PBXSourcesBuildPhase;
			buildActionMask = 2147483647;
			files = (
				25F062941EC19FEB0034A767 /* LessonOne.cpp in Sources */,
				2506CFF31EBC7019005F94EA /* Lesson.cpp in Sources */,
				254E41991EAF1B3C000FC56E /* main.cpp in Sources */,
			);
			runOnlyForDeploymentPostprocessing = 0;
		};
/* End PBXSourcesBuildPhase section */

/* Begin XCBuildConfiguration section */
		254E419A1EAF1B3C000FC56E /* Debug */ = {
			isa = XCBuildConfiguration;
			buildSettings = {
				ALWAYS_SEARCH_USER_PATHS = NO;
				CLANG_ANALYZER_NONNULL = YES;
				CLANG_CXX_LANGUAGE_STANDARD = "gnu++0x";
				CLANG_CXX_LIBRARY = "libc++";
				CLANG_ENABLE_MODULES = YES;
				CLANG_ENABLE_OBJC_ARC = YES;
				CLANG_WARN_BOOL_CONVERSION = YES;
				CLANG_WARN_CONSTANT_CONVERSION = YES;
				CLANG_WARN_DIRECT_OBJC_ISA_USAGE = YES_ERROR;
				CLANG_WARN_DOCUMENTATION_COMMENTS = YES;
				CLANG_WARN_EMPTY_BODY = YES;
				CLANG_WARN_ENUM_CONVERSION = YES;
				CLANG_WARN_INFINITE_RECURSION = YES;
				CLANG_WARN_INT_CONVERSION = YES;
				CLANG_WARN_OBJC_ROOT_CLASS = YES_ERROR;
				CLANG_WARN_SUSPICIOUS_MOVE = YES;
				CLANG_WARN_UNREACHABLE_CODE = YES;
				CLANG_WARN__DUPLICATE_METHOD_MATCH = YES;
				CODE_SIGN_IDENTITY = "-";
				COPY_PHASE_STRIP = NO;
				DEBUG_INFORMATION_FORMAT = dwarf;
				ENABLE_STRICT_OBJC_MSGSEND = YES;
				ENABLE_TESTABILITY = YES;
				GCC_C_LANGUAGE_STANDARD = gnu99;
				GCC_DYNAMIC_NO_PIC = NO;
				GCC_NO_COMMON_BLOCKS = YES;
				GCC_OPTIMIZATION_LEVEL = 0;
				GCC_PREPROCESSOR_DEFINITIONS = (
					"DEBUG=1",
					"$(inherited)",
				);
				GCC_WARN_64_TO_32_BIT_CONVERSION = YES;
				GCC_WARN_ABOUT_RETURN_TYPE = YES_ERROR;
				GCC_WARN_UNDECLARED_SELECTOR = YES;
				GCC_WARN_UNINITIALIZED_AUTOS = YES_AGGRESSIVE;
				GCC_WARN_UNUSED_FUNCTION = YES;
				GCC_WARN_UNUSED_VARIABLE = YES;
				MACOSX_DEPLOYMENT_TARGET = 10.12;
				MTL_ENABLE_DEBUG_INFO = YES;
				ONLY_ACTIVE_ARCH = YES;
				SDKROOT = macosx;
			};
			name = Debug;
		};
		254E419B1EAF1B3C000FC56E /* Release */ = {
			isa = XCBuildConfiguration;
			buildSettings = {
				ALWAYS_SEARCH_USER_PATHS = NO;
				CLANG_ANALYZER_NONNULL = YES;
				CLANG_CXX_LANGUAGE_STANDARD = "gnu++0x";
				CLANG_CXX_LIBRARY = "libc++";
				CLANG_ENABLE_MODULES = YES;
				CLANG_ENABLE_OBJC_ARC = YES;
				CLANG_WARN_BOOL_CONVERSION = YES;
				CLANG_WARN_CONSTANT_CONVERSION = YES;
				CLANG_WARN_DIRECT_OBJC_ISA_USAGE = YES_ERROR;
				CLANG_WARN_DOCUMENTATION_COMMENTS = YES;
				CLANG_WARN_EMPTY_BODY = YES;
				CLANG_WARN_ENUM_CONVERSION = YES;
				CLANG_WARN_INFINITE_RECURSION = YES;
				CLANG_WARN_INT_CONVERSION = YES;
				CLANG_WARN_OBJC_ROOT_CLASS = YES_ERROR;
				CLANG_WARN_SUSPICIOUS_MOVE = YES;
				CLANG_WARN_UNREACHABLE_CODE = YES;
				CLANG_WARN__DUPLICATE_METHOD_MATCH = YES;
				CODE_SIGN_IDENTITY = "-";
				COPY_PHASE_STRIP = NO;
				DEBUG_INFORMATION_FORMAT = "dwarf-with-dsym";
				ENABLE_NS_ASSERTIONS = NO;
				ENABLE_STRICT_OBJC_MSGSEND = YES;
				GCC_C_LANGUAGE_STANDARD = gnu99;
				GCC_NO_COMMON_BLOCKS = YES;
				GCC_WARN_64_TO_32_BIT_CONVERSION = YES;
				GCC_WARN_ABOUT_RETURN_TYPE = YES_ERROR;
				GCC_WARN_UNDECLARED_SELECTOR = YES;
				GCC_WARN_UNINITIALIZED_AUTOS = YES_AGGRESSIVE;
				GCC_WARN_UNUSED_FUNCTION = YES;
				GCC_WARN_UNUSED_VARIABLE = YES;
				MACOSX_DEPLOYMENT_TARGET = 10.12;
				MTL_ENABLE_DEBUG_INFO = NO;
				SDKROOT = macosx;
			};
			name = Release;
		};
		254E419D1EAF1B3C000FC56E /* Debug */ = {
			isa = XCBuildConfiguration;
			buildSettings = {
				HEADER_SEARCH_PATHS = /usr/local/include/;
				LIBRARY_SEARCH_PATHS = /usr/local/lib/;
				PRODUCT_NAME = "$(TARGET_NAME)";
			};
			name = Debug;
		};
		254E419E1EAF1B3C000FC56E /* Release */ = {
			isa = XCBuildConfiguration;
			buildSettings = {
				HEADER_SEARCH_PATHS = /usr/local/include/;
				LIBRARY_SEARCH_PATHS = /usr/local/lib/;
				PRODUCT_NAME = "$(TARGET_NAME)";
			};
			name = Release;
		};
/* End XCBuildConfiguration section */

/* Begin XCConfigurationList section */
		254E41901EAF1B3C000FC56E /* Build configuration list for PBXProject "GLFW" */ = {
			isa = XCConfigurationList;
			buildConfigurations = (
				254E419A1EAF1B3C000FC56E /* Debug */,
				254E419B1EAF1B3C000FC56E /* Release */,
			);
			defaultConfigurationIsVisible = 0;
			defaultConfigurationName = Release;
		};
		254E419C1EAF1B3C000FC56E /* Build configuration list for PBXNativeTarget "GLFW" */ = {
			isa = XCConfigurationList;
			buildConfigurations = (
				254E419D1EAF1B3C000FC56E /* Debug */,
				254E419E1EAF1B3C000FC56E /* Release */,
			);
			defaultConfigurationIsVisible = 0;
			defaultConfigurationName = Release;
		};
/* End XCConfigurationList section */
	};
	rootObject = 254E418D1EAF1B3C000FC56E /* Project object */;
}
